
Microsoft Visual Studio Solution File, Format Version 12.00
# Visual Studio Version 17
VisualStudioVersion = 17.9.34622.214
MinimumVisualStudioVersion = 10.0.40219.1
Project("{FAE04EC0-301F-11D3-BF4B-00C04F79EFBC}") = "WebApplicationSports", "WebApplicationSports.csproj", "{D4415CA9-9008-4917-8C64-3BDE5B2E56DE}"
EndProject
Global
	GlobalSection(SolutionConfigurationPlatforms) = preSolution
		Debug|Any CPU = Debug|Any CPU
		Release|Any CPU = Release|Any CPU
	EndGlobalSection
	GlobalSection(ProjectConfigurationPlatforms) = postSolution
		{D4415CA9-9008-4917-8C64-3BDE5B2E56DE}.Debug|Any CPU.ActiveCfg = Debug|Any CPU
		{D4415CA9-9008-4917-8C64-3BDE5B2E56DE}.Debug|Any CPU.Build.0 = Debug|Any CPU
		{D4415CA9-9008-4917-8C64-3BDE5B2E56DE}.Release|Any CPU.ActiveCfg = Release|Any CPU
		{D4415CA9-9008-4917-8C64-3BDE5B2E56DE}.Release|Any CPU.Build.0 = Release|Any CPU
	EndGlobalSection
	GlobalSection(SolutionProperties) = preSolution
		HideSolutionNode = FALSE
	EndGlobalSection
	GlobalSection(ExtensibilityGlobals) = postSolution
		SolutionGuid = {8BF8A8A1-7F39-45DC-B32B-ADD760A5C7D0}
	EndGlobalSection
EndGlobal
